{
  "name": "@distributed-systems/callsite",
  "version": "3.0.0",
  "lockfileVersion": 2,
  "requires": true,
  "packages": {
    "": {
      "name": "@distributed-systems/callsite",
      "version": "3.0.0",
      "license": "MIT",
      "dependencies": {
        "@distributed-systems/stack-trace": "^2.0.0"
      }
    },
    "node_modules/@distributed-systems/stack-trace": {
      "version": "2.1.0",
      "resolved": "https://registry.npmjs.org/@distributed-systems/stack-trace/-/stack-trace-2.1.0.tgz",
      "integrity": "sha512-46M1I5Ml/WK3UEgQ0Xb3zmuFEaRYDyIRdAgTayDZ30aN5UQjVcCnnse7Lk+JKiL8cVrpFTBM3nS8nddnmsSjZw=="
    }
  },
  "dependencies": {
    "@distributed-systems/stack-trace": {
      "version": "2.1.0",
      "resolved": "https://registry.npmjs.org/@distributed-systems/stack-trace/-/stack-trace-2.1.0.tgz",
      "integrity": "sha512-46M1I5Ml/WK3UEgQ0Xb3zmuFEaRYDyIRdAgTayDZ30aN5UQjVcCnnse7Lk+JKiL8cVrpFTBM3nS8nddnmsSjZw=="
    }
  }
}
